{
  "data/manifest.json": "52b1ee56ec98237eb45c5382a0b310dc5243abf87e79b522ed026fcec4a88276",
  "scoring_config.yaml": "23c1ba2c9bdd9e65db42f6245b09eac220a5fb5b2321301104f097f9aad9e3ea",
  "src/autoresearch/dataset_loader.py": "3cac74b7ef28d40d550c1c9e55e83cd6bd85679d222ba6b963f5d70f79865978",
  "src/autoresearch/evaluator.py": "e2e7ed1a18dd08f8d8f2a20eb5fb61c5a4932acf7eaf39345b008caa481e4cdb",
  "src/autoresearch/scoring.py": "a078435777cbfb41ee723abaa70e949f1feb1a8b7d78bc1e74e65af2e38aea3c"
}
